
Microsoft Visual Studio Solution File, Format Version 12.00
# Visual Studio Version 17
VisualStudioVersion = 17.9.34622.214
MinimumVisualStudioVersion = 10.0.40219.1
Project("{FAE04EC0-301F-11D3-BF4B-00C04F79EFBC}") = "FrontEndAAUH", "FrontEndAAUH.csproj", "{4DDCDD18-5B05-43A6-9399-505552C88EC8}"
EndProject
Global
	GlobalSection(SolutionConfigurationPlatforms) = preSolution
		Debug|Any CPU = Debug|Any CPU
		Release|Any CPU = Release|Any CPU
	EndGlobalSection
	GlobalSection(ProjectConfigurationPlatforms) = postSolution
		{4DDCDD18-5B05-43A6-9399-505552C88EC8}.Debug|Any CPU.ActiveCfg = Debug|Any CPU
		{4DDCDD18-5B05-43A6-9399-505552C88EC8}.Debug|Any CPU.Build.0 = Debug|Any CPU
		{4DDCDD18-5B05-43A6-9399-505552C88EC8}.Release|Any CPU.ActiveCfg = Release|Any CPU
		{4DDCDD18-5B05-43A6-9399-505552C88EC8}.Release|Any CPU.Build.0 = Release|Any CPU
	EndGlobalSection
	GlobalSection(SolutionProperties) = preSolution
		HideSolutionNode = FALSE
	EndGlobalSection
	GlobalSection(ExtensibilityGlobals) = postSolution
		SolutionGuid = {C3A8BE4B-0313-46DC-A348-AA13F2ABE944}
	EndGlobalSection
EndGlobal
